
Microsoft Visual Studio Solution File, Format Version 12.00
# Visual Studio Version 17
VisualStudioVersion = 17.0.31903.59
MinimumVisualStudioVersion = 10.0.40219.1
Project("{2150E333-8FDC-42A3-9474-1A3956D46DE8}") = "src", "src", "{74159BDF-6FE3-4778-B79D-95970558029B}"
EndProject
Project("{FAE04EC0-301F-11D3-BF4B-00C04F79EFBC}") = "UseNotch.App", "src\UseNotch.App\UseNotch.App.csproj", "{DBBB7AAE-8C50-41E7-87B2-B590C4E4D7CF}"
EndProject
Project("{FAE04EC0-301F-11D3-BF4B-00C04F79EFBC}") = "UseNotch.Application", "src\UseNotch.Application\UseNotch.Application.csproj", "{F28781D9-E63E-4E9F-8B77-9E594CFCA602}"
EndProject
Project("{FAE04EC0-301F-11D3-BF4B-00C04F79EFBC}") = "UseNotch.Domain", "src\UseNotch.Domain\UseNotch.Domain.csproj", "{3F8018FC-71E2-4BA3-AECD-BA7A554CFA5D}"
EndProject
Project("{FAE04EC0-301F-11D3-BF4B-00C04F79EFBC}") = "UseNotch.Infrastructure", "src\UseNotch.Infrastructure\UseNotch.Infrastructure.csproj", "{5F3BA0E4-5CC9-4C4F-9AFC-0D35C07CE3EF}"
EndProject
Project("{FAE04EC0-301F-11D3-BF4B-00C04F79EFBC}") = "UseNotch.Platform.Windows", "src\UseNotch.Platform.Windows\UseNotch.Platform.Windows.csproj", "{DDE39D9B-C753-4DAC-B56E-27B91F1F1282}"
EndProject
Project("{FAE04EC0-301F-11D3-BF4B-00C04F79EFBC}") = "UseNotch.Providers.Anthropic", "src\UseNotch.Providers.Anthropic\UseNotch.Providers.Anthropic.csproj", "{ABC0C145-D2CE-4EEC-A99C-E90DD1B2F1CB}"
EndProject
Project("{FAE04EC0-301F-11D3-BF4B-00C04F79EFBC}") = "UseNotch.Providers.OpenAI", "src\UseNotch.Providers.OpenAI\UseNotch.Providers.OpenAI.csproj", "{3F751E36-378C-4884-B3DE-07438A9BF6FA}"
EndProject
Project("{2150E333-8FDC-42A3-9474-1A3956D46DE8}") = "tests", "tests", "{538DAB33-B9B1-4FA9-A570-9D51F2380C5A}"
EndProject
Project("{FAE04EC0-301F-11D3-BF4B-00C04F79EFBC}") = "UseNotch.Application.Tests", "tests\UseNotch.Application.Tests\UseNotch.Application.Tests.csproj", "{233042C9-6092-48F0-8548-9D1AAD52D6F5}"
EndProject
Project("{FAE04EC0-301F-11D3-BF4B-00C04F79EFBC}") = "UseNotch.Domain.Tests", "tests\UseNotch.Domain.Tests\UseNotch.Domain.Tests.csproj", "{46E02696-A3A5-4870-B395-DC0EF9E67AD6}"
EndProject
Project("{FAE04EC0-301F-11D3-BF4B-00C04F79EFBC}") = "UseNotch.Provider.Tests", "tests\UseNotch.Provider.Tests\UseNotch.Provider.Tests.csproj", "{638BB085-A419-475E-9149-3ABE6ADCDFD4}"
EndProject
Project("{FAE04EC0-301F-11D3-BF4B-00C04F79EFBC}") = "UseNotch.UI.Tests", "tests\UseNotch.UI.Tests\UseNotch.UI.Tests.csproj", "{52D69528-27FA-431F-B1B4-7610EAD05678}"
EndProject
Project("{FAE04EC0-301F-11D3-BF4B-00C04F79EFBC}") = "UseNotch.Windows.Tests", "tests\UseNotch.Windows.Tests\UseNotch.Windows.Tests.csproj", "{B2625E51-5EE7-4877-840B-41BDCAD92CED}"
EndProject
Project("{FAE04EC0-301F-11D3-BF4B-00C04F79EFBC}") = "OverlayInputHarness", "tests\OverlayInputHarness\OverlayInputHarness.csproj", "{A6C61EE0-27FD-4514-AF8D-E446F5E2A1A3}"
EndProject
Global
	GlobalSection(SolutionConfigurationPlatforms) = preSolution
		Debug|Any CPU = Debug|Any CPU
		Release|Any CPU = Release|Any CPU
	EndGlobalSection
	GlobalSection(SolutionProperties) = preSolution
		HideSolutionNode = FALSE
	EndGlobalSection
	GlobalSection(ProjectConfigurationPlatforms) = postSolution
		{DBBB7AAE-8C50-41E7-87B2-B590C4E4D7CF}.Debug|Any CPU.ActiveCfg = Debug|Any CPU
		{DBBB7AAE-8C50-41E7-87B2-B590C4E4D7CF}.Debug|Any CPU.Build.0 = Debug|Any CPU
		{DBBB7AAE-8C50-41E7-87B2-B590C4E4D7CF}.Release|Any CPU.ActiveCfg = Release|Any CPU
		{DBBB7AAE-8C50-41E7-87B2-B590C4E4D7CF}.Release|Any CPU.Build.0 = Release|Any CPU
		{F28781D9-E63E-4E9F-8B77-9E594CFCA602}.Debug|Any CPU.ActiveCfg = Debug|Any CPU
		{F28781D9-E63E-4E9F-8B77-9E594CFCA602}.Debug|Any CPU.Build.0 = Debug|Any CPU
		{F28781D9-E63E-4E9F-8B77-9E594CFCA602}.Release|Any CPU.ActiveCfg = Release|Any CPU
		{F28781D9-E63E-4E9F-8B77-9E594CFCA602}.Release|Any CPU.Build.0 = Release|Any CPU
		{3F8018FC-71E2-4BA3-AECD-BA7A554CFA5D}.Debug|Any CPU.ActiveCfg = Debug|Any CPU
		{3F8018FC-71E2-4BA3-AECD-BA7A554CFA5D}.Debug|Any CPU.Build.0 = Debug|Any CPU
		{3F8018FC-71E2-4BA3-AECD-BA7A554CFA5D}.Release|Any CPU.ActiveCfg = Release|Any CPU
		{3F8018FC-71E2-4BA3-AECD-BA7A554CFA5D}.Release|Any CPU.Build.0 = Release|Any CPU
		{5F3BA0E4-5CC9-4C4F-9AFC-0D35C07CE3EF}.Debug|Any CPU.ActiveCfg = Debug|Any CPU
		{5F3BA0E4-5CC9-4C4F-9AFC-0D35C07CE3EF}.Debug|Any CPU.Build.0 = Debug|Any CPU
		{5F3BA0E4-5CC9-4C4F-9AFC-0D35C07CE3EF}.Release|Any CPU.ActiveCfg = Release|Any CPU
		{5F3BA0E4-5CC9-4C4F-9AFC-0D35C07CE3EF}.Release|Any CPU.Build.0 = Release|Any CPU
		{DDE39D9B-C753-4DAC-B56E-27B91F1F1282}.Debug|Any CPU.ActiveCfg = Debug|Any CPU
		{DDE39D9B-C753-4DAC-B56E-27B91F1F1282}.Debug|Any CPU.Build.0 = Debug|Any CPU
		{DDE39D9B-C753-4DAC-B56E-27B91F1F1282}.Release|Any CPU.ActiveCfg = Release|Any CPU
		{DDE39D9B-C753-4DAC-B56E-27B91F1F1282}.Release|Any CPU.Build.0 = Release|Any CPU
		{ABC0C145-D2CE-4EEC-A99C-E90DD1B2F1CB}.Debug|Any CPU.ActiveCfg = Debug|Any CPU
		{ABC0C145-D2CE-4EEC-A99C-E90DD1B2F1CB}.Debug|Any CPU.Build.0 = Debug|Any CPU
		{ABC0C145-D2CE-4EEC-A99C-E90DD1B2F1CB}.Release|Any CPU.ActiveCfg = Release|Any CPU
		{ABC0C145-D2CE-4EEC-A99C-E90DD1B2F1CB}.Release|Any CPU.Build.0 = Release|Any CPU
		{3F751E36-378C-4884-B3DE-07438A9BF6FA}.Debug|Any CPU.ActiveCfg = Debug|Any CPU
		{3F751E36-378C-4884-B3DE-07438A9BF6FA}.Debug|Any CPU.Build.0 = Debug|Any CPU
		{3F751E36-378C-4884-B3DE-07438A9BF6FA}.Release|Any CPU.ActiveCfg = Release|Any CPU
		{3F751E36-378C-4884-B3DE-07438A9BF6FA}.Release|Any CPU.Build.0 = Release|Any CPU
		{233042C9-6092-48F0-8548-9D1AAD52D6F5}.Debug|Any CPU.ActiveCfg = Debug|Any CPU
		{233042C9-6092-48F0-8548-9D1AAD52D6F5}.Debug|Any CPU.Build.0 = Debug|Any CPU
		{233042C9-6092-48F0-8548-9D1AAD52D6F5}.Release|Any CPU.ActiveCfg = Release|Any CPU
		{233042C9-6092-48F0-8548-9D1AAD52D6F5}.Release|Any CPU.Build.0 = Release|Any CPU
		{46E02696-A3A5-4870-B395-DC0EF9E67AD6}.Debug|Any CPU.ActiveCfg = Debug|Any CPU
		{46E02696-A3A5-4870-B395-DC0EF9E67AD6}.Debug|Any CPU.Build.0 = Debug|Any CPU
		{46E02696-A3A5-4870-B395-DC0EF9E67AD6}.Release|Any CPU.ActiveCfg = Release|Any CPU
		{46E02696-A3A5-4870-B395-DC0EF9E67AD6}.Release|Any CPU.Build.0 = Release|Any CPU
		{638BB085-A419-475E-9149-3ABE6ADCDFD4}.Debug|Any CPU.ActiveCfg = Debug|Any CPU
		{638BB085-A419-475E-9149-3ABE6ADCDFD4}.Debug|Any CPU.Build.0 = Debug|Any CPU
		{638BB085-A419-475E-9149-3ABE6ADCDFD4}.Release|Any CPU.ActiveCfg = Release|Any CPU
		{638BB085-A419-475E-9149-3ABE6ADCDFD4}.Release|Any CPU.Build.0 = Release|Any CPU
		{52D69528-27FA-431F-B1B4-7610EAD05678}.Debug|Any CPU.ActiveCfg = Debug|Any CPU
		{52D69528-27FA-431F-B1B4-7610EAD05678}.Debug|Any CPU.Build.0 = Debug|Any CPU
		{52D69528-27FA-431F-B1B4-7610EAD05678}.Release|Any CPU.ActiveCfg = Release|Any CPU
		{52D69528-27FA-431F-B1B4-7610EAD05678}.Release|Any CPU.Build.0 = Release|Any CPU
		{B2625E51-5EE7-4877-840B-41BDCAD92CED}.Debug|Any CPU.ActiveCfg = Debug|Any CPU
		{B2625E51-5EE7-4877-840B-41BDCAD92CED}.Debug|Any CPU.Build.0 = Debug|Any CPU
		{B2625E51-5EE7-4877-840B-41BDCAD92CED}.Release|Any CPU.ActiveCfg = Release|Any CPU
		{B2625E51-5EE7-4877-840B-41BDCAD92CED}.Release|Any CPU.Build.0 = Release|Any CPU
		{A6C61EE0-27FD-4514-AF8D-E446F5E2A1A3}.Debug|Any CPU.ActiveCfg = Debug|Any CPU
		{A6C61EE0-27FD-4514-AF8D-E446F5E2A1A3}.Debug|Any CPU.Build.0 = Debug|Any CPU
		{A6C61EE0-27FD-4514-AF8D-E446F5E2A1A3}.Release|Any CPU.ActiveCfg = Release|Any CPU
		{A6C61EE0-27FD-4514-AF8D-E446F5E2A1A3}.Release|Any CPU.Build.0 = Release|Any CPU
	EndGlobalSection
	GlobalSection(NestedProjects) = preSolution
		{DBBB7AAE-8C50-41E7-87B2-B590C4E4D7CF} = {74159BDF-6FE3-4778-B79D-95970558029B}
		{F28781D9-E63E-4E9F-8B77-9E594CFCA602} = {74159BDF-6FE3-4778-B79D-95970558029B}
		{3F8018FC-71E2-4BA3-AECD-BA7A554CFA5D} = {74159BDF-6FE3-4778-B79D-95970558029B}
		{5F3BA0E4-5CC9-4C4F-9AFC-0D35C07CE3EF} = {74159BDF-6FE3-4778-B79D-95970558029B}
		{DDE39D9B-C753-4DAC-B56E-27B91F1F1282} = {74159BDF-6FE3-4778-B79D-95970558029B}
		{ABC0C145-D2CE-4EEC-A99C-E90DD1B2F1CB} = {74159BDF-6FE3-4778-B79D-95970558029B}
		{3F751E36-378C-4884-B3DE-07438A9BF6FA} = {74159BDF-6FE3-4778-B79D-95970558029B}
		{233042C9-6092-48F0-8548-9D1AAD52D6F5} = {538DAB33-B9B1-4FA9-A570-9D51F2380C5A}
		{46E02696-A3A5-4870-B395-DC0EF9E67AD6} = {538DAB33-B9B1-4FA9-A570-9D51F2380C5A}
		{638BB085-A419-475E-9149-3ABE6ADCDFD4} = {538DAB33-B9B1-4FA9-A570-9D51F2380C5A}
		{52D69528-27FA-431F-B1B4-7610EAD05678} = {538DAB33-B9B1-4FA9-A570-9D51F2380C5A}
		{B2625E51-5EE7-4877-840B-41BDCAD92CED} = {538DAB33-B9B1-4FA9-A570-9D51F2380C5A}
		{A6C61EE0-27FD-4514-AF8D-E446F5E2A1A3} = {538DAB33-B9B1-4FA9-A570-9D51F2380C5A}
	EndGlobalSection
EndGlobal
